// !$*UTF8*$!
{
	archiveVersion = 1;
	classes = {
	};
	objectVersion = 46;
	objects = {

/* Begin PBXBuildFile section */
		4934C168155DFF92005AE570 /* UIKit.framework in Frameworks */ = {isa = PBXBuildFile; fileRef = 4934C167155DFF92005AE570 /* UIKit.framework */; };
		4934C16A155DFF92005AE570 /* Foundation.framework in Frameworks */ = {isa = PBXBuildFile; fileRef = 4934C169155DFF92005AE570 /* Foundation.framework */; };
		4934C16C155DFF92005AE570 /* CoreGraphics.framework in Frameworks */ = {isa = PBXBuildFile; fileRef = 4934C16B155DFF92005AE570 /* CoreGraphics.framework */; };
		4934C172155DFF92005AE570 /* InfoPlist.strings in Resources */ = {isa = PBXBuildFile; fileRef = 4934C170155DFF92005AE570 /* InfoPlist.strings */; };
		4934C174155DFF92005AE570 /* main.m in Sources */ = {isa = PBXBuildFile; fileRef = 4934C173155DFF92005AE570 /* main.m */; };
		4934C178155DFF92005AE570 /* DJAppDelegate.m in Sources */ = {isa = PBXBuildFile; fileRef = 4934C177155DFF92005AE570 /* DJAppDelegate.m */; };
		4934C17B155DFF92005AE570 /* DJViewController.m in Sources */ = {isa = PBXBuildFile; fileRef = 4934C17A155DFF92005AE570 /* DJViewController.m */; };
		4934C17E155DFF92005AE570 /* DJViewController.xib in Resources */ = {isa = PBXBuildFile; fileRef = 4934C17C155DFF92005AE570 /* DJViewController.xib */; };
/* End PBXBuildFile section */

/* Begin PBXFileReference section */
		4934C163155DFF91005AE570 /* BatteryLevelLogger.app */ = {isa = PBXFileReference; explicitFileType = wrapper.application; includeInIndex = 0; path = BatteryLevelLogger.app; sourceTree = BUILT_PRODUCTS_DIR; };
		4934C167155DFF92005AE570 /* UIKit.framework */ = {isa = PBXFileReference; lastKnownFileType = wrapper.framework; name = UIKit.framework; path = System/Library/Frameworks/UIKit.framework; sourceTree = SDKROOT; };
		4934C169155DFF92005AE570 /* Foundation.framework */ = {isa = PBXFileReference; lastKnownFileType = wrapper.framework; name = Foundation.framework; path = System/Library/Frameworks/Foundation.framework; sourceTree = SDKROOT; };
		4934C16B155DFF92005AE570 /* CoreGraphics.framework */ = {isa = PBXFileReference; lastKnownFileType = wrapper.framework; name = CoreGraphics.framework; path = System/Library/Frameworks/CoreGraphics.framework; sourceTree = SDKROOT; };
		4934C16F155DFF92005AE570 /* BatteryLevelLogger-Info.plist */ = {isa = PBXFileReference; path = "BatteryLevelLogger-Info.plist"; sourceTree = "<group>"; };
		4934C171155DFF92005AE570 /* en */ = {isa = PBXFileReference; lastKnownFileType = text.plist.strings; name = en; path = en.lproj/InfoPlist.strings; sourceTree = "<group>"; };
		4934C173155DFF92005AE570 /* main.m */ = {isa = PBXFileReference; lastKnownFileType = sourcecode.c.objc; path = main.m; sourceTree = "<group>"; };
		4934C175155DFF92005AE570 /* BatteryLevelLogger-Prefix.pch */ = {isa = PBXFileReference; path = "BatteryLevelLogger-Prefix.pch"; sourceTree = "<group>"; };
		4934C176155DFF92005AE570 /* DJAppDelegate.h */ = {isa = PBXFileReference; path = DJAppDelegate.h; sourceTree = "<group>"; };
		4934C177155DFF92005AE570 /* DJAppDelegate.m */ = {isa = PBXFileReference; lastKnownFileType = sourcecode.c.objc; path = DJAppDelegate.m; sourceTree = "<group>"; };
		4934C179155DFF92005AE570 /* DJViewController.h */ = {isa = PBXFileReference; path = DJViewController.h; sourceTree = "<group>"; };
		4934C17A155DFF92005AE570 /* DJViewController.m */ = {isa = PBXFileReference; lastKnownFileType = sourcecode.c.objc; path = DJViewController.m; sourceTree = "<group>"; };
		4934C17D155DFF92005AE570 /* en */ = {isa = PBXFileReference; lastKnownFileType = file.xib; name = en; path = en.lproj/DJViewController.xib; sourceTree = "<group>"; };
/* End PBXFileReference section */

/* Begin PBXFrameworksBuildPhase section */
		4934C160155DFF91005AE570 /* Frameworks */ = {
			isa = PBXFrameworksBuildPhase;
			buildActionMask = 2147483647;
			files = (
				4934C168155DFF92005AE570 /* UIKit.framework in Frameworks */,
				4934C16A155DFF92005AE570 /* Foundation.framework in Frameworks */,
				4934C16C155DFF92005AE570 /* CoreGraphics.framework in Frameworks */,
			);
			runOnlyForDeploymentPostprocessing = 0;
		};
/* End PBXFrameworksBuildPhase section */

/* Begin PBXGroup section */
		4934C158155DFF91005AE570 = {
			isa = PBXGroup;
			children = (
				4934C16D155DFF92005AE570 /* BatteryLevelLogger */,
				4934C166155DFF92005AE570 /* Frameworks */,
				4934C164155DFF91005AE570 /* Products */,
			);
			sourceTree = "<group>";
		};
		4934C164155DFF91005AE570 /* Products */ = {
			isa = PBXGroup;
			children = (
				4934C163155DFF91005AE570 /* BatteryLevelLogger.app */,
			);
			name = Products;
			sourceTree = "<group>";
		};
		4934C166155DFF92005AE570 /* Frameworks */ = {
			isa = PBXGroup;
			children = (
				4934C167155DFF92005AE570 /* UIKit.framework */,
				4934C169155DFF92005AE570 /* Foundation.framework */,
				4934C16B155DFF92005AE570 /* CoreGraphics.framework */,
			);
			name = Frameworks;
			sourceTree = "<group>";
		};
		4934C16D155DFF92005AE570 /* BatteryLevelLogger */ = {
			isa = PBXGroup;
			children = (
				4934C176155DFF92005AE570 /* DJAppDelegate.h */,
				4934C177155DFF92005AE570 /* DJAppDelegate.m */,
				4934C179155DFF92005AE570 /* DJViewController.h */,
				4934C17A155DFF92005AE570 /* DJViewController.m */,
				4934C17C155DFF92005AE570 /* DJViewController.xib */,
				4934C16E155DFF92005AE570 /* Supporting Files */,
			);
			path = BatteryLevelLogger;
			sourceTree = "<group>";
		};
		4934C16E155DFF92005AE570 /* Supporting Files */ = {
			isa = PBXGroup;
			children = (
				4934C16F155DFF92005AE570 /* BatteryLevelLogger-Info.plist */,
				4934C170155DFF92005AE570 /* InfoPlist.strings */,
				4934C173155DFF92005AE570 /* main.m */,
				4934C175155DFF92005AE570 /* BatteryLevelLogger-Prefix.pch */,
			);
			name = "Supporting Files";
			sourceTree = "<group>";
		};
/* End PBXGroup section */

/* Begin PBXNativeTarget section */
		4934C162155DFF91005AE570 /* BatteryLevelLogger */ = {
			isa = PBXNativeTarget;
			buildConfigurationList = 4934C181155DFF92005AE570 /* Build configuration list for PBXNativeTarget "BatteryLevelLogger" */;
			buildPhases = (
				4934C15F155DFF91005AE570 /* Sources */,
				4934C160155DFF91005AE570 /* Frameworks */,
				4934C161155DFF91005AE570 /* Resources */,
			);
			buildRules = (
			);
			dependencies = (
			);
			name = BatteryLevelLogger;
			productName = BatteryLevelLogger;
			productReference = 4934C163155DFF91005AE570 /* BatteryLevelLogger.app */;
			productType = "com.apple.product-type.application";
		};
/* End PBXNativeTarget section */

/* Begin PBXProject section */
		4934C15A155DFF91005AE570 /* Project object */ = {
			isa = PBXProject;
			attributes = {
				CLASSPREFIX = DJ;
				LastUpgradeCheck = 0430;
			};
			buildConfigurationList = 4934C15D155DFF91005AE570 /* Build configuration list for PBXProject "BatteryLevelLogger" */;
			compatibilityVersion = "Xcode 3.2";
			developmentRegion = English;
			hasScannedForEncodings = 0;
			knownRegions = (
				en,
			);
			mainGroup = 4934C158155DFF91005AE570;
			productRefGroup = 4934C164155DFF91005AE570 /* Products */;
			projectDirPath = "";
			projectRoot = "";
			targets = (
				4934C162155DFF91005AE570 /* BatteryLevelLogger */,
			);
		};
/* End PBXProject section */

/* Begin PBXResourcesBuildPhase section */
		4934C161155DFF91005AE570 /* Resources */ = {
			isa = PBXResourcesBuildPhase;
			buildActionMask = 2147483647;
			files = (
				4934C172155DFF92005AE570 /* InfoPlist.strings in Resources */,
				4934C17E155DFF92005AE570 /* DJViewController.xib in Resources */,
			);
			runOnlyForDeploymentPostprocessing = 0;
		};
/* End PBXResourcesBuildPhase section */

/* Begin PBXSourcesBuildPhase section */
		4934C15F155DFF91005AE570 /* Sources */ = {
			isa = PBXSourcesBuildPhase;
			buildActionMask = 2147483647;
			files = (
				4934C174155DFF92005AE570 /* main.m in Sources */,
				4934C178155DFF92005AE570 /* DJAppDelegate.m in Sources */,
				4934C17B155DFF92005AE570 /* DJViewController.m in Sources */,
			);
			runOnlyForDeploymentPostprocessing = 0;
		};
/* End PBXSourcesBuildPhase section */

/* Begin PBXVariantGroup section */
		4934C170155DFF92005AE570 /* InfoPlist.strings */ = {
			isa = PBXVariantGroup;
			children = (
				4934C171155DFF92005AE570 /* en */,
			);
			name = InfoPlist.strings;
			sourceTree = "<group>";
		};
		4934C17C155DFF92005AE570 /* DJViewController.xib */ = {
			isa = PBXVariantGroup;
			children = (
				4934C17D155DFF92005AE570 /* en */,
			);
			name = DJViewController.xib;
			sourceTree = "<group>";
		};
/* End PBXVariantGroup section */

/* Begin XCBuildConfiguration section */
		4934C17F155DFF92005AE570 /* Debug */ = {
			isa = XCBuildConfiguration;
			buildSettings = {
				ALWAYS_SEARCH_USER_PATHS = NO;
				ARCHS = "$(ARCHS_STANDARD_32_BIT)";
				"CODE_SIGN_IDENTITY[sdk=iphoneos*]" = "iPhone Developer";
				COPY_PHASE_STRIP = NO;
				GCC_C_LANGUAGE_STANDARD = gnu99;
				GCC_DYNAMIC_NO_PIC = NO;
				GCC_OPTIMIZATION_LEVEL = 0;
				GCC_PREPROCESSOR_DEFINITIONS = (
					"DEBUG=1",
					"$(inherited)",
				);
				GCC_SYMBOLS_PRIVATE_EXTERN = NO;
				GCC_VERSION = com.apple.compilers.llvm.clang.1_0;
				GCC_WARN_ABOUT_RETURN_TYPE = YES;
				GCC_WARN_UNINITIALIZED_AUTOS = YES;
				GCC_WARN_UNUSED_VARIABLE = YES;
				IPHONEOS_DEPLOYMENT_TARGET = 5.1;
				SDKROOT = iphoneos;
			};
			name = Debug;
		};
		4934C180155DFF92005AE570 /* Release */ = {
			isa = XCBuildConfiguration;
			buildSettings = {
				ALWAYS_SEARCH_USER_PATHS = NO;
				ARCHS = "$(ARCHS_STANDARD_32_BIT)";
				"CODE_SIGN_IDENTITY[sdk=iphoneos*]" = "iPhone Developer";
				COPY_PHASE_STRIP = YES;
				GCC_C_LANGUAGE_STANDARD = gnu99;
				GCC_VERSION = com.apple.compilers.llvm.clang.1_0;
				GCC_WARN_ABOUT_RETURN_TYPE = YES;
				GCC_WARN_UNINITIALIZED_AUTOS = YES;
				GCC_WARN_UNUSED_VARIABLE = YES;
				IPHONEOS_DEPLOYMENT_TARGET = 5.1;
				OTHER_CFLAGS = "-DNS_BLOCK_ASSERTIONS=1";
				SDKROOT = iphoneos;
				VALIDATE_PRODUCT = YES;
			};
			name = Release;
		};
		4934C182155DFF92005AE570 /* Debug */ = {
			isa = XCBuildConfiguration;
			buildSettings = {
				GCC_PRECOMPILE_PREFIX_HEADER = YES;
				GCC_PREFIX_HEADER = "BatteryLevelLogger/BatteryLevelLogger-Prefix.pch";
				INFOPLIST_FILE = "BatteryLevelLogger/BatteryLevelLogger-Info.plist";
				PRODUCT_NAME = "$(TARGET_NAME)";
				WRAPPER_EXTENSION = app;
			};
			name = Debug;
		};
		4934C183155DFF92005AE570 /* Release */ = {
			isa = XCBuildConfiguration;
			buildSettings = {
				GCC_PRECOMPILE_PREFIX_HEADER = YES;
				GCC_PREFIX_HEADER = "BatteryLevelLogger/BatteryLevelLogger-Prefix.pch";
				INFOPLIST_FILE = "BatteryLevelLogger/BatteryLevelLogger-Info.plist";
				PRODUCT_NAME = "$(TARGET_NAME)";
				WRAPPER_EXTENSION = app;
			};
			name = Release;
		};
/* End XCBuildConfiguration section */

/* Begin XCConfigurationList section */
		4934C15D155DFF91005AE570 /* Build configuration list for PBXProject "BatteryLevelLogger" */ = {
			isa = XCConfigurationList;
			buildConfigurations = (
				4934C17F155DFF92005AE570 /* Debug */,
				4934C180155DFF92005AE570 /* Release */,
			);
			defaultConfigurationIsVisible = 0;
			defaultConfigurationName = Release;
		};
		4934C181155DFF92005AE570 /* Build configuration list for PBXNativeTarget "BatteryLevelLogger" */ = {
			isa = XCConfigurationList;
			buildConfigurations = (
				4934C182155DFF92005AE570 /* Debug */,
				4934C183155DFF92005AE570 /* Release */,
			);
			defaultConfigurationIsVisible = 0;
		};
/* End XCConfigurationList section */
	};
	rootObject = 4934C15A155DFF91005AE570 /* Project object */;
}
